
Microsoft Visual Studio Solution File, Format Version 12.00
# Visual Studio Version 17
VisualStudioVersion = 17.14.36121.58 d17.14
MinimumVisualStudioVersion = 10.0.40219.1
Project("{FAE04EC0-301F-11D3-BF4B-00C04F79EFBC}") = "Lab07InteractiveAuto", "Lab07InteractiveAuto\Lab07InteractiveAuto\Lab07InteractiveAuto.csproj", "{597119DF-96D8-41CC-9CC9-663AA6657244}"
EndProject
Project("{FAE04EC0-301F-11D3-BF4B-00C04F79EFBC}") = "Lab07InteractiveAuto.Client", "Lab07InteractiveAuto\Lab07InteractiveAuto.Client\Lab07InteractiveAuto.Client.csproj", "{AABA7C10-8AE5-4EFA-B007-0ED69CCC883D}"
EndProject
Global
	GlobalSection(SolutionConfigurationPlatforms) = preSolution
		Debug|Any CPU = Debug|Any CPU
		Release|Any CPU = Release|Any CPU
	EndGlobalSection
	GlobalSection(ProjectConfigurationPlatforms) = postSolution
		{597119DF-96D8-41CC-9CC9-663AA6657244}.Debug|Any CPU.ActiveCfg = Debug|Any CPU
		{597119DF-96D8-41CC-9CC9-663AA6657244}.Debug|Any CPU.Build.0 = Debug|Any CPU
		{597119DF-96D8-41CC-9CC9-663AA6657244}.Release|Any CPU.ActiveCfg = Release|Any CPU
		{597119DF-96D8-41CC-9CC9-663AA6657244}.Release|Any CPU.Build.0 = Release|Any CPU
		{AABA7C10-8AE5-4EFA-B007-0ED69CCC883D}.Debug|Any CPU.ActiveCfg = Debug|Any CPU
		{AABA7C10-8AE5-4EFA-B007-0ED69CCC883D}.Debug|Any CPU.Build.0 = Debug|Any CPU
		{AABA7C10-8AE5-4EFA-B007-0ED69CCC883D}.Release|Any CPU.ActiveCfg = Release|Any CPU
		{AABA7C10-8AE5-4EFA-B007-0ED69CCC883D}.Release|Any CPU.Build.0 = Release|Any CPU
	EndGlobalSection
	GlobalSection(SolutionProperties) = preSolution
		HideSolutionNode = FALSE
	EndGlobalSection
	GlobalSection(ExtensibilityGlobals) = postSolution
		SolutionGuid = {4E9E3F0B-7E5B-4BDD-9726-CDA1B3332635}
	EndGlobalSection
EndGlobal
