
Microsoft Visual Studio Solution File, Format Version 12.00
# Visual Studio Version 17
VisualStudioVersion = 17.14.36121.58 d17.14
MinimumVisualStudioVersion = 10.0.40219.1
Project("{FAE04EC0-301F-11D3-BF4B-00C04F79EFBC}") = "BlazorServerApp", "BlazorServerApp\BlazorServerApp.csproj", "{BEDB2C7F-E387-45C4-9632-BE4DC1F683E7}"
EndProject
Global
	GlobalSection(SolutionConfigurationPlatforms) = preSolution
		Debug|Any CPU = Debug|Any CPU
		Release|Any CPU = Release|Any CPU
	EndGlobalSection
	GlobalSection(ProjectConfigurationPlatforms) = postSolution
		{BEDB2C7F-E387-45C4-9632-BE4DC1F683E7}.Debug|Any CPU.ActiveCfg = Debug|Any CPU
		{BEDB2C7F-E387-45C4-9632-BE4DC1F683E7}.Debug|Any CPU.Build.0 = Debug|Any CPU
		{BEDB2C7F-E387-45C4-9632-BE4DC1F683E7}.Release|Any CPU.ActiveCfg = Release|Any CPU
		{BEDB2C7F-E387-45C4-9632-BE4DC1F683E7}.Release|Any CPU.Build.0 = Release|Any CPU
	EndGlobalSection
	GlobalSection(SolutionProperties) = preSolution
		HideSolutionNode = FALSE
	EndGlobalSection
	GlobalSection(ExtensibilityGlobals) = postSolution
		SolutionGuid = {6C6F434E-F8F1-41F7-A603-BF6DE819EFF9}
	EndGlobalSection
EndGlobal
