
Microsoft Visual Studio Solution File, Format Version 12.00
# Visual Studio Version 17
VisualStudioVersion = 17.14.36121.58 d17.14
MinimumVisualStudioVersion = 10.0.40219.1
Project("{FAE04EC0-301F-11D3-BF4B-00C04F79EFBC}") = "Lab02MiddleAndDepdencyInjection", "Lab02MiddleAndDepdencyInjection\Lab02MiddleAndDepdencyInjection.csproj", "{3C5700EA-0D8D-4130-9A4B-957D05ACA31E}"
EndProject
Global
	GlobalSection(SolutionConfigurationPlatforms) = preSolution
		Debug|Any CPU = Debug|Any CPU
		Release|Any CPU = Release|Any CPU
	EndGlobalSection
	GlobalSection(ProjectConfigurationPlatforms) = postSolution
		{3C5700EA-0D8D-4130-9A4B-957D05ACA31E}.Debug|Any CPU.ActiveCfg = Debug|Any CPU
		{3C5700EA-0D8D-4130-9A4B-957D05ACA31E}.Debug|Any CPU.Build.0 = Debug|Any CPU
		{3C5700EA-0D8D-4130-9A4B-957D05ACA31E}.Release|Any CPU.ActiveCfg = Release|Any CPU
		{3C5700EA-0D8D-4130-9A4B-957D05ACA31E}.Release|Any CPU.Build.0 = Release|Any CPU
	EndGlobalSection
	GlobalSection(SolutionProperties) = preSolution
		HideSolutionNode = FALSE
	EndGlobalSection
	GlobalSection(ExtensibilityGlobals) = postSolution
		SolutionGuid = {9C2EFBE9-830C-4D9D-B93F-124DE46E1B6D}
	EndGlobalSection
EndGlobal
