
Microsoft Visual Studio Solution File, Format Version 12.00
# Visual Studio Version 17
VisualStudioVersion = 17.14.36121.58 d17.14
MinimumVisualStudioVersion = 10.0.40219.1
Project("{FAE04EC0-301F-11D3-BF4B-00C04F79EFBC}") = "Lab05InteractiveSSR", "Lab05InteractiveSSR\Lab05InteractiveSSR.csproj", "{2437142C-84B5-4061-9EF8-0FDA0333092C}"
EndProject
Global
	GlobalSection(SolutionConfigurationPlatforms) = preSolution
		Debug|Any CPU = Debug|Any CPU
		Release|Any CPU = Release|Any CPU
	EndGlobalSection
	GlobalSection(ProjectConfigurationPlatforms) = postSolution
		{2437142C-84B5-4061-9EF8-0FDA0333092C}.Debug|Any CPU.ActiveCfg = Debug|Any CPU
		{2437142C-84B5-4061-9EF8-0FDA0333092C}.Debug|Any CPU.Build.0 = Debug|Any CPU
		{2437142C-84B5-4061-9EF8-0FDA0333092C}.Release|Any CPU.ActiveCfg = Release|Any CPU
		{2437142C-84B5-4061-9EF8-0FDA0333092C}.Release|Any CPU.Build.0 = Release|Any CPU
	EndGlobalSection
	GlobalSection(SolutionProperties) = preSolution
		HideSolutionNode = FALSE
	EndGlobalSection
	GlobalSection(ExtensibilityGlobals) = postSolution
		SolutionGuid = {2EDB89E0-8AF2-43DE-BE11-71BE8598411C}
	EndGlobalSection
EndGlobal
