
Microsoft Visual Studio Solution File, Format Version 12.00
# Visual Studio Version 17
VisualStudioVersion = 17.14.36121.58 d17.14
MinimumVisualStudioVersion = 10.0.40219.1
Project("{FAE04EC0-301F-11D3-BF4B-00C04F79EFBC}") = "Lab01Middleware", "Lab01Middleware\Lab01Middleware.csproj", "{F1682BB9-611B-479D-AA37-062CB02DF215}"
EndProject
Global
	GlobalSection(SolutionConfigurationPlatforms) = preSolution
		Debug|Any CPU = Debug|Any CPU
		Release|Any CPU = Release|Any CPU
	EndGlobalSection
	GlobalSection(ProjectConfigurationPlatforms) = postSolution
		{F1682BB9-611B-479D-AA37-062CB02DF215}.Debug|Any CPU.ActiveCfg = Debug|Any CPU
		{F1682BB9-611B-479D-AA37-062CB02DF215}.Debug|Any CPU.Build.0 = Debug|Any CPU
		{F1682BB9-611B-479D-AA37-062CB02DF215}.Release|Any CPU.ActiveCfg = Release|Any CPU
		{F1682BB9-611B-479D-AA37-062CB02DF215}.Release|Any CPU.Build.0 = Release|Any CPU
	EndGlobalSection
	GlobalSection(SolutionProperties) = preSolution
		HideSolutionNode = FALSE
	EndGlobalSection
	GlobalSection(ExtensibilityGlobals) = postSolution
		SolutionGuid = {8AB7E9EB-3D3D-4CBB-8FB4-D715FB117936}
	EndGlobalSection
EndGlobal
